{
  "name": "neji-roulette",
  "version": "1.0.0",
  "lockfileVersion": 3,
  "requires": true,
  "packages": {
    "": {
      "name": "neji-roulette",
      "version": "1.0.0",
      "license": "ISC",
      "dependencies": {
        "deno": "^2.5.4"
      }
    },
    "node_modules/@deno/darwin-arm64": {
      "version": "2.5.4",
      "resolved": "https://registry.npmjs.org/@deno/darwin-arm64/-/darwin-arm64-2.5.4.tgz",
      "integrity": "sha512-FWybfOwt0d3v4m9EMZd+0cEMTSHjZfoOomT9drK/mwa8uoZQ6PpQzjhlg9lIX2DCP92vZ+Miy4c1c6r0orSzjQ==",
      "cpu": [
        "arm64"
      ],
      "optional": true,
      "os": [
        "darwin"
      ]
    },
    "node_modules/@deno/darwin-x64": {
      "version": "2.5.4",
      "resolved": "https://registry.npmjs.org/@deno/darwin-x64/-/darwin-x64-2.5.4.tgz",
      "integrity": "sha512-uiP24gbIMzLya8DjP+lg3z/Ysnm0rmWVPOT36+nHS5UsO08+eArkAcKMxj7IfVPw1fzl8M8tpHt6d18amdnMJw==",
      "cpu": [
        "x64"
      ],
      "optional": true,
      "os": [
        "darwin"
      ]
    },
    "node_modules/@deno/linux-arm64-glibc": {
      "version": "2.5.4",
      "resolved": "https://registry.npmjs.org/@deno/linux-arm64-glibc/-/linux-arm64-glibc-2.5.4.tgz",
      "integrity": "sha512-szui2JOiwozBkYRMN+xQGNyrVEel3kpGRKoy9k+kOMWtsu7F/36mLn1dr3hRNV0NmkRtwIyee1DosDVhd0lPlg==",
      "cpu": [
        "arm64"
      ],
      "optional": true,
      "os": [
        "linux"
      ]
    },
    "node_modules/@deno/linux-x64-glibc": {
      "version": "2.5.4",
      "resolved": "https://registry.npmjs.org/@deno/linux-x64-glibc/-/linux-x64-glibc-2.5.4.tgz",
      "integrity": "sha512-HEsUi9vUtrG19uSoILLs+D3/x4U3DUaCYSbsN4frvilbT3A/y3XO6t1OR8LikZ4K4mN6Ur6mS6NOdZbzV4PR/Q==",
      "cpu": [
        "x64"
      ],
      "optional": true,
      "os": [
        "linux"
      ]
    },
    "node_modules/@deno/win32-arm64": {
      "version": "2.5.4",
      "resolved": "https://registry.npmjs.org/@deno/win32-arm64/-/win32-arm64-2.5.4.tgz",
      "integrity": "sha512-WjAXS8kfRrmeR4pJ4pZMfqgP/74canKOS6iJv4DMYSPQiv9DBEcNWj7trbsRuYUZQephNC+7KrACrk0kpriNwg==",
      "cpu": [
        "arm64"
      ],
      "optional": true,
      "os": [
        "win32"
      ]
    },
    "node_modules/@deno/win32-x64": {
      "version": "2.5.4",
      "resolved": "https://registry.npmjs.org/@deno/win32-x64/-/win32-x64-2.5.4.tgz",
      "integrity": "sha512-OYgHzdfrNX3iDdPCq5CkulPZ7tVj+bTzA7MX9SGkUgaIxLn16xG3RUK4L2MMRwaxBARcb5TT4eySC43tB9gE4Q==",
      "cpu": [
        "x64"
      ],
      "optional": true,
      "os": [
        "win32"
      ]
    },
    "node_modules/deno": {
      "version": "2.5.4",
      "resolved": "https://registry.npmjs.org/deno/-/deno-2.5.4.tgz",
      "integrity": "sha512-2TEB4HtIuSnzN6WBvIDXFgcVCyOZdDA5iiEL3iwIzC+tskOTcabxuVkVQCwWscFSYzYiI79kLZDMFXsSzB6j1Q==",
      "hasInstallScript": true,
      "bin": {
        "deno": "bin.cjs"
      },
      "optionalDependencies": {
        "@deno/darwin-arm64": "2.5.4",
        "@deno/darwin-x64": "2.5.4",
        "@deno/linux-arm64-glibc": "2.5.4",
        "@deno/linux-x64-glibc": "2.5.4",
        "@deno/win32-arm64": "2.5.4",
        "@deno/win32-x64": "2.5.4"
      }
    }
  }
}
